
Microsoft Visual Studio Solution File, Format Version 12.00
# Visual Studio Version 17
VisualStudioVersion = 17.14.37628.2 d17.14
MinimumVisualStudioVersion = 10.0.40219.1
Project("{FAE04EC0-301F-11D3-BF4B-00C04F79EFBC}") = "Ejercicio7-Tema3", "Ejercicio7-Tema3.csproj", "{1BB6B137-212F-49C3-B13B-270734018346}"
EndProject
Global
	GlobalSection(SolutionConfigurationPlatforms) = preSolution
		Debug|Any CPU = Debug|Any CPU
		Release|Any CPU = Release|Any CPU
	EndGlobalSection
	GlobalSection(ProjectConfigurationPlatforms) = postSolution
		{1BB6B137-212F-49C3-B13B-270734018346}.Debug|Any CPU.ActiveCfg = Debug|Any CPU
		{1BB6B137-212F-49C3-B13B-270734018346}.Debug|Any CPU.Build.0 = Debug|Any CPU
		{1BB6B137-212F-49C3-B13B-270734018346}.Release|Any CPU.ActiveCfg = Release|Any CPU
		{1BB6B137-212F-49C3-B13B-270734018346}.Release|Any CPU.Build.0 = Release|Any CPU
	EndGlobalSection
	GlobalSection(SolutionProperties) = preSolution
		HideSolutionNode = FALSE
	EndGlobalSection
	GlobalSection(ExtensibilityGlobals) = postSolution
		SolutionGuid = {D15F783D-4016-4DB9-A29C-0CC5A4E0E20B}
	EndGlobalSection
EndGlobal
