
Microsoft Visual Studio Solution File, Format Version 12.00
# Visual Studio Version 17
VisualStudioVersion = 17.14.37628.2 d17.14
MinimumVisualStudioVersion = 10.0.40219.1
Project("{FAE04EC0-301F-11D3-BF4B-00C04F79EFBC}") = "Ejercicio6_Tema2", "Ejercicio6_Tema2.csproj", "{8E639420-78E2-4B82-823B-989B724D5706}"
EndProject
Global
	GlobalSection(SolutionConfigurationPlatforms) = preSolution
		Debug|Any CPU = Debug|Any CPU
		Release|Any CPU = Release|Any CPU
	EndGlobalSection
	GlobalSection(ProjectConfigurationPlatforms) = postSolution
		{8E639420-78E2-4B82-823B-989B724D5706}.Debug|Any CPU.ActiveCfg = Debug|Any CPU
		{8E639420-78E2-4B82-823B-989B724D5706}.Debug|Any CPU.Build.0 = Debug|Any CPU
		{8E639420-78E2-4B82-823B-989B724D5706}.Release|Any CPU.ActiveCfg = Release|Any CPU
		{8E639420-78E2-4B82-823B-989B724D5706}.Release|Any CPU.Build.0 = Release|Any CPU
	EndGlobalSection
	GlobalSection(SolutionProperties) = preSolution
		HideSolutionNode = FALSE
	EndGlobalSection
	GlobalSection(ExtensibilityGlobals) = postSolution
		SolutionGuid = {50BB3A6B-C396-46DF-83F5-C7368800A81E}
	EndGlobalSection
EndGlobal
